
Microsoft Visual Studio Solution File, Format Version 12.00
# Visual Studio Version 17
VisualStudioVersion = 17.4.33027.239
MinimumVisualStudioVersion = 10.0.40219.1
Project("{9A19103F-16F7-4668-BE54-9A1E7A4F7556}") = "Fire Simulation", "Fire Simulation.csproj", "{A3B15439-E8D5-4C85-BE51-EE745426DDE7}"
EndProject
Global
	GlobalSection(SolutionConfigurationPlatforms) = preSolution
		Debug|Any CPU = Debug|Any CPU
		Release|Any CPU = Release|Any CPU
	EndGlobalSection
	GlobalSection(ProjectConfigurationPlatforms) = postSolution
		{A3B15439-E8D5-4C85-BE51-EE745426DDE7}.Debug|Any CPU.ActiveCfg = Debug|Any CPU
		{A3B15439-E8D5-4C85-BE51-EE745426DDE7}.Debug|Any CPU.Build.0 = Debug|Any CPU
		{A3B15439-E8D5-4C85-BE51-EE745426DDE7}.Release|Any CPU.ActiveCfg = Release|Any CPU
		{A3B15439-E8D5-4C85-BE51-EE745426DDE7}.Release|Any CPU.Build.0 = Release|Any CPU
	EndGlobalSection
	GlobalSection(SolutionProperties) = preSolution
		HideSolutionNode = FALSE
	EndGlobalSection
	GlobalSection(ExtensibilityGlobals) = postSolution
		SolutionGuid = {ED22A424-B017-4A78-BF44-C669EF354009}
	EndGlobalSection
EndGlobal
